<?xml version="1.0" encoding="utf-8"?>
<Project ToolsVersion="4.0" xmlns="http://schemas.microsoft.com/developer/msbuild/2003">
  <ItemGroup>
    <Filter Include="Source Files">
      <UniqueIdentifier>{4FC737F1-C7A5-4376-A066-2A32D752A2FF}</UniqueIdentifier>
      <Extensions>cpp;c;cc;cxx;def;odl;idl;hpj;bat;asm;asmx</Extensions>
    </Filter>
    <Filter Include="Header Files">
      <UniqueIdentifier>{93995380-89BD-4b04-88EB-625FBE52EBFB}</UniqueIdentifier>
      <Extensions>h;hh;hpp;hxx;hm;inl;inc;xsd</Extensions>
    </Filter>
    <Filter Include="Resource Files">
      <UniqueIdentifier>{67DA6AB6-F800-4c08-8B7A-83BB121AAD01}</UniqueIdentifier>
      <Extensions>rc;ico;cur;bmp;dlg;rc2;rct;bin;rgs;gif;jpg;jpeg;jpe;resx;tiff;tif;png;wav;mfcribbon-ms</Extensions>
    </Filter>
  </ItemGroup>
  <ItemGroup>
    <None Include="micrOS.ino" />
  </ItemGroup>
  <ItemGroup>
    <ClInclude Include="__vm\.micrOS.vsarduino.h">
      <Filter>Header Files</Filter>
    </ClInclude>
    <ClInclude Include="kernel.h">
      <Filter>Header Files</Filter>
    </ClInclude>
    <ClInclude Include="IODisplay.h">
      <Filter>Header Files</Filter>
    </ClInclude>
    <ClInclude Include="Stage2Bootloader.h">
      <Filter>Header Files</Filter>
    </ClInclude>
    <ClInclude Include="Kernel_Returns.h">
      <Filter>Header Files</Filter>
    </ClInclude>
    <ClInclude Include="micrOS_Storage.h">
      <Filter>Header Files</Filter>
    </ClInclude>
    <ClInclude Include="micrOS_Power_Management.h">
      <Filter>Header Files</Filter>
    </ClInclude>
    <ClInclude Include="micrOS_Graphics_Cache.h">
      <Filter>Header Files</Filter>
    </ClInclude>
    <ClInclude Include="micrOS_Apps.h">
      <Filter>Header Files</Filter>
    </ClInclude>
    <ClInclude Include="Kern_Errors.h">
      <Filter>Header Files</Filter>
    </ClInclude>
    <ClInclude Include="DeviceTree.h">
      <Filter>Header Files</Filter>
    </ClInclude>
  </ItemGroup>
  <ItemGroup>
    <ClCompile Include="kernel.cpp">
      <Filter>Source Files</Filter>
    </ClCompile>
    <ClCompile Include="IODisplay.cpp">
      <Filter>Source Files</Filter>
    </ClCompile>
    <ClCompile Include="Stage2Bootloader.cpp">
      <Filter>Source Files</Filter>
    </ClCompile>
    <ClCompile Include="Kernel_Returns.c">
      <Filter>Source Files</Filter>
    </ClCompile>
    <ClCompile Include="micrOS_Storage.cpp">
      <Filter>Source Files</Filter>
    </ClCompile>
    <ClCompile Include="micrOS_Power_Management.cpp">
      <Filter>Source Files</Filter>
    </ClCompile>
    <ClCompile Include="micrOS_Graphics_Cache.cpp">
      <Filter>Source Files</Filter>
    </ClCompile>
    <ClCompile Include="micrOS_Apps.cpp">
      <Filter>Source Files</Filter>
    </ClCompile>
    <ClCompile Include="Kern_Errors.cpp">
      <Filter>Source Files</Filter>
    </ClCompile>
    <ClCompile Include="DeviceTree.cpp">
      <Filter>Source Files</Filter>
    </ClCompile>
  </ItemGroup>
</Project>